<?xml version="1.0" encoding="UTF-8" standalone="yes" ?>
<CodeBlocks_project_file>
	<FileVersion major="1" minor="6" />
	<Project>
		<Option title="libluawrap" />
		<Option pch_mode="2" />
		<Option compiler="gcc" />
		<Build>
			<Target title="Release">
				<Option output=".\libluawrap" prefix_auto="1" extension_auto="1" />
				<Option object_output=".\test\obj\release\" />
				<Option type="3" />
				<Option compiler="gcc" />
				<Compiler>
					<Add option="-fexpensive-optimizations" />
					<Add option="-O2" />
					<Add option="-Wall" />
					<Add option="-DBUILD_DLL" />
					<Add directory="C:\MinGW\msys\1.0\home\Thomas\Projets\lua\libluawrap\include" />
					<Add directory="C:\MinGW\msys\1.0\home\Thomas\Projets\lua\libluawrap\include\libluawrap" />
				</Compiler>
				<Linker>
					<Add option="-s" />
					<Add option="-llua52" />
					<Add library="user32" />
				</Linker>
			</Target>
		</Build>
		<Compiler>
			<Add directory="C:\MinGW\msys\1.0\home\Thomas\Projets\lua\libluawrap\include" />
		</Compiler>
		<Linker>
			<Add option="-llua" />
		</Linker>
		<Unit filename="include\libluawrap.h" />
		<Unit filename="include\libluawrap\lua_bool.h" />
		<Unit filename="include\libluawrap\lua_debug.h" />
		<Unit filename="include\libluawrap\lua_defs.h" />
		<Unit filename="include\libluawrap\lua_function.h" />
		<Unit filename="include\libluawrap\lua_nil.h" />
		<Unit filename="include\libluawrap\lua_number.h" />
		<Unit filename="include\libluawrap\lua_string.h" />
		<Unit filename="include\libluawrap\lua_table.h" />
		<Unit filename="include\libluawrap\lua_wrap.h" />
		<Unit filename="src\lua_bool.cpp" />
		<Unit filename="src\lua_debug.cpp" />
		<Unit filename="src\lua_function.cpp" />
		<Unit filename="src\lua_luawrap_version.cpp" />
		<Unit filename="src\lua_nil.cpp" />
		<Unit filename="src\lua_number.cpp" />
		<Unit filename="src\lua_string.cpp" />
		<Unit filename="src\lua_table.cpp" />
		<Unit filename="src\lua_wrap.cpp" />
		<Extensions>
			<code_completion />
			<envvars />
			<debugger />
		</Extensions>
	</Project>
</CodeBlocks_project_file>
